
Microsoft Visual Studio Solution File, Format Version 12.00
# Visual Studio Version 16
VisualStudioVersion = 16.0.30011.22
MinimumVisualStudioVersion = 10.0.40219.1
Project("{FAE04EC0-301F-11D3-BF4B-00C04F79EFBC}") = "POSWA", "POSWA\POSWA.csproj", "{5749CF3F-3188-4E45-BA99-517FF8293802}"
EndProject
Global
	GlobalSection(SolutionConfigurationPlatforms) = preSolution
		Debug|Any CPU = Debug|Any CPU
		Release|Any CPU = Release|Any CPU
	EndGlobalSection
	GlobalSection(ProjectConfigurationPlatforms) = postSolution
		{5749CF3F-3188-4E45-BA99-517FF8293802}.Debug|Any CPU.ActiveCfg = Debug|Any CPU
		{5749CF3F-3188-4E45-BA99-517FF8293802}.Debug|Any CPU.Build.0 = Debug|Any CPU
		{5749CF3F-3188-4E45-BA99-517FF8293802}.Release|Any CPU.ActiveCfg = Release|Any CPU
		{5749CF3F-3188-4E45-BA99-517FF8293802}.Release|Any CPU.Build.0 = Release|Any CPU
	EndGlobalSection
	GlobalSection(SolutionProperties) = preSolution
		HideSolutionNode = FALSE
	EndGlobalSection
	GlobalSection(ExtensibilityGlobals) = postSolution
		SolutionGuid = {129B0788-5B6B-4CD3-BEE1-FECE3196ECED}
	EndGlobalSection
EndGlobal
